
Microsoft Visual Studio Solution File, Format Version 12.00
Project("{FAE04EC0-301F-11D3-BF4B-00C04F79EFBC}") = "TheBattle", "TheBattle\TheBattle.csproj", "{A6CAA436-6C11-4BBE-B54C-651E6B728E93}"
EndProject
Global
	GlobalSection(SolutionConfigurationPlatforms) = preSolution
		Debug|Any CPU = Debug|Any CPU
		Release|Any CPU = Release|Any CPU
	EndGlobalSection
	GlobalSection(ProjectConfigurationPlatforms) = postSolution
		{A6CAA436-6C11-4BBE-B54C-651E6B728E93}.Debug|Any CPU.ActiveCfg = Debug|Any CPU
		{A6CAA436-6C11-4BBE-B54C-651E6B728E93}.Debug|Any CPU.Build.0 = Debug|Any CPU
		{A6CAA436-6C11-4BBE-B54C-651E6B728E93}.Release|Any CPU.ActiveCfg = Release|Any CPU
		{A6CAA436-6C11-4BBE-B54C-651E6B728E93}.Release|Any CPU.Build.0 = Release|Any CPU
	EndGlobalSection
EndGlobal
